
Microsoft Visual Studio Solution File, Format Version 12.00
# Visual Studio Version 16
VisualStudioVersion = 16.0.30621.155
MinimumVisualStudioVersion = 10.0.40219.1
Project("{9A19103F-16F7-4668-BE54-9A1E7A4F7556}") = "Restaurant(Delivery)", "Restaurant(Delivery)\Restaurant(Delivery).csproj", "{B7C00CE5-C94B-4A8C-944E-C7C5E8BB40EF}"
EndProject
Global
	GlobalSection(SolutionConfigurationPlatforms) = preSolution
		Debug|Any CPU = Debug|Any CPU
		Release|Any CPU = Release|Any CPU
	EndGlobalSection
	GlobalSection(ProjectConfigurationPlatforms) = postSolution
		{B7C00CE5-C94B-4A8C-944E-C7C5E8BB40EF}.Debug|Any CPU.ActiveCfg = Debug|Any CPU
		{B7C00CE5-C94B-4A8C-944E-C7C5E8BB40EF}.Debug|Any CPU.Build.0 = Debug|Any CPU
		{B7C00CE5-C94B-4A8C-944E-C7C5E8BB40EF}.Release|Any CPU.ActiveCfg = Release|Any CPU
		{B7C00CE5-C94B-4A8C-944E-C7C5E8BB40EF}.Release|Any CPU.Build.0 = Release|Any CPU
	EndGlobalSection
	GlobalSection(SolutionProperties) = preSolution
		HideSolutionNode = FALSE
	EndGlobalSection
	GlobalSection(ExtensibilityGlobals) = postSolution
		SolutionGuid = {905F6D2A-1343-417F-B51E-6A05F2E630D4}
	EndGlobalSection
EndGlobal
